
Microsoft Visual Studio Solution File, Format Version 12.00
# Visual Studio Version 16
VisualStudioVersion = 16.0.31229.75
MinimumVisualStudioVersion = 10.0.40219.1
Project("{FAE04EC0-301F-11D3-BF4B-00C04F79EFBC}") = "assignment5", "assignment5\assignment5.csproj", "{E88C927E-3324-4DA2-A131-D84696997A9F}"
EndProject
Global
	GlobalSection(SolutionConfigurationPlatforms) = preSolution
		Debug|Any CPU = Debug|Any CPU
		Release|Any CPU = Release|Any CPU
	EndGlobalSection
	GlobalSection(ProjectConfigurationPlatforms) = postSolution
		{E88C927E-3324-4DA2-A131-D84696997A9F}.Debug|Any CPU.ActiveCfg = Debug|Any CPU
		{E88C927E-3324-4DA2-A131-D84696997A9F}.Debug|Any CPU.Build.0 = Debug|Any CPU
		{E88C927E-3324-4DA2-A131-D84696997A9F}.Release|Any CPU.ActiveCfg = Release|Any CPU
		{E88C927E-3324-4DA2-A131-D84696997A9F}.Release|Any CPU.Build.0 = Release|Any CPU
	EndGlobalSection
	GlobalSection(SolutionProperties) = preSolution
		HideSolutionNode = FALSE
	EndGlobalSection
	GlobalSection(ExtensibilityGlobals) = postSolution
		SolutionGuid = {462D044A-F69C-4E1C-B668-A6A1416D18AA}
	EndGlobalSection
EndGlobal
